
Microsoft Visual Studio Solution File, Format Version 12.00
# Visual Studio Version 17
VisualStudioVersion = 17.4.33110.190
MinimumVisualStudioVersion = 10.0.40219.1
Project("{FAE04EC0-301F-11D3-BF4B-00C04F79EFBC}") = "Blazor Server", "Blazor Server\Blazor Server.csproj", "{3BBFA1A6-35B5-4AB5-91F6-46AAF465FE43}"
EndProject
Global
	GlobalSection(SolutionConfigurationPlatforms) = preSolution
		Debug|Any CPU = Debug|Any CPU
		Release|Any CPU = Release|Any CPU
	EndGlobalSection
	GlobalSection(ProjectConfigurationPlatforms) = postSolution
		{3BBFA1A6-35B5-4AB5-91F6-46AAF465FE43}.Debug|Any CPU.ActiveCfg = Debug|Any CPU
		{3BBFA1A6-35B5-4AB5-91F6-46AAF465FE43}.Debug|Any CPU.Build.0 = Debug|Any CPU
		{3BBFA1A6-35B5-4AB5-91F6-46AAF465FE43}.Release|Any CPU.ActiveCfg = Release|Any CPU
		{3BBFA1A6-35B5-4AB5-91F6-46AAF465FE43}.Release|Any CPU.Build.0 = Release|Any CPU
	EndGlobalSection
	GlobalSection(SolutionProperties) = preSolution
		HideSolutionNode = FALSE
	EndGlobalSection
	GlobalSection(ExtensibilityGlobals) = postSolution
		SolutionGuid = {317427C3-03D7-45C7-959A-905A8FBC914D}
	EndGlobalSection
EndGlobal
